{
  "version": 4,
  "terraform_version": "1.6.1",
  "serial": 19,
  "lineage": "cb431a39-6213-638a-bebf-bb4fb63bfec2",
  "outputs": {},
  "resources": [
    {
      "mode": "managed",
      "type": "azurerm_linux_virtual_machine",
      "name": "test_VM",
      "provider": "provider[\"registry.terraform.io/hashicorp/azurerm\"]",
      "instances": [
        {
          "schema_version": 0,
          "attributes": {
            "additional_capabilities": [],
            "admin_password": null,
            "admin_ssh_key": [
              {
                "public_key": "ssh-rsa AAAAB3NzaC1yc2EAAAADAQABAAABgQDm/ik0pEKXDrxpC6Nyte+BXVNpwYhPOzvek26o0qBXfZh05Ezvzre5RbF4cXDDoPyTw1x6l90OnsNku27xMYsUke5tSljg33Wit3LhDbqHNabhuoatfgKxVIvY8uvhcSy8m/B2J/nYg3fTW2svcoY6EA7cuyR4Du6KXb5GwL0IODK5+xpJkx/wyCF0sIiKOYhO7TrmbEkdmpBBt13NJoM1mz/4yI9+y8sYl215VOOABapDnEZa+112AluyRy2YAkwrOCLv3PrDz7xgwKyXJmbrPBSFmFgz3XLCkZ8DzXh+IRyjBGRZ74ayostBTN7ZHi4nuYGPn5YVD+hr03dtumTv6yqjVWF3HLEcHN8eSiyvA2hkxkcVTY3lUFNylB7dILckbmSmkmy+VlFBUzwmimoUez6+e3DACIT+pI/nr/2T7ffDs7beysAthx+V6Fgrei1ROkJ2SMNH8xeLa84hVudGbxr/QQJkueSmRvIa3vk5aZeuVJ63DCVQZl4cHC3h+SE= ramye@Ram\r\n",
                "username": "adminuser"
              }
            ],
            "admin_username": "adminuser",
            "allow_extension_operations": true,
            "availability_set_id": "",
            "boot_diagnostics": [],
            "bypass_platform_safety_checks_on_user_schedule_enabled": false,
            "capacity_reservation_group_id": "",
            "computer_name": "test-machine",
            "custom_data": "IyEvYmluL2Jhc2gNCnN1ZG8gYXB0LWdldCB1cGRhdGUgLXkgJiYNCnN1ZG8gYXB0LWdldCBpbnN0YWxsIC15IFwNCmFwdC10cmFuc3BvcnQtaHR0cHMgXA0KY2EtY2VydGlmaWNhdGVzIFwNCmN1cmwgXA0KZ251cGctYWdlbnQgXA0Kc29mdHdhcmUtcHJvcGVydGllcy1jb21tb24gJiYNCmN1cmwgLWZzU0wgaHR0cHM6Ly9kb3dubG9hZC5kb2NrZXIuY29tL2xpbnV4L3VidW50dS9ncGcgfCBzdWRvIGFwdC1rZXkgYWRkIC0gJiYNCnN1ZG8gYWRkLWFwdC1yZXBvc2l0b3J5ICJkZWIgW2FyY2gtYW1kNjRdIGh0dHBzOi8vZG93bmxhb2QuZG9ja2VyLmNvbS9saW51eC91YnVudHUgJChsc2JfcmVsZWFzZSAtY3MpIHN0YWJsZSIgJiYNCnN1ZG8gYXB0LWdldCB1cGRhdGUgLXkgJiYNCnN1ZG8gYXB0LWdldCBpbnN0YWxsIGRvY2tlci1jZSBkb2NrZXItY2UtY2xpIGNvbnRhaW5lci5pbyAteSAmJg0Kc3VkbyB1c2VybW9kIC1hRyBkb2NrZXIgdWJ1bnR1",
            "dedicated_host_group_id": "",
            "dedicated_host_id": "",
            "disable_password_authentication": true,
            "edge_zone": "",
            "encryption_at_host_enabled": false,
            "eviction_policy": "",
            "extensions_time_budget": "PT1H30M",
            "gallery_application": [],
            "id": "/subscriptions/eb0ba5ab-6a44-4b16-b7a2-7ca3b022b84a/resourceGroups/terraform_resources/providers/Microsoft.Compute/virtualMachines/test-machine",
            "identity": [],
            "license_type": "",
            "location": "westeurope",
            "max_bid_price": -1,
            "name": "test-machine",
            "network_interface_ids": [
              "/subscriptions/eb0ba5ab-6a44-4b16-b7a2-7ca3b022b84a/resourceGroups/terraform_resources/providers/Microsoft.Network/networkInterfaces/test_nic"
            ],
            "os_disk": [
              {
                "caching": "ReadWrite",
                "diff_disk_settings": [],
                "disk_encryption_set_id": "",
                "disk_size_gb": 30,
                "name": "test-machine_OsDisk_1_e5ee4382bc2a438d8526d23924725f0b",
                "secure_vm_disk_encryption_set_id": "",
                "security_encryption_type": "",
                "storage_account_type": "Standard_LRS",
                "write_accelerator_enabled": false
              }
            ],
            "patch_assessment_mode": "ImageDefault",
            "patch_mode": "ImageDefault",
            "plan": [],
            "platform_fault_domain": -1,
            "priority": "Regular",
            "private_ip_address": "10.0.1.4",
            "private_ip_addresses": [
              "10.0.1.4"
            ],
            "provision_vm_agent": true,
            "proximity_placement_group_id": "",
            "public_ip_address": "23.101.71.205",
            "public_ip_addresses": [
              "23.101.71.205"
            ],
            "reboot_setting": "",
            "resource_group_name": "terraform_resources",
            "secret": [],
            "secure_boot_enabled": false,
            "size": "Standard_F2",
            "source_image_id": "",
            "source_image_reference": [
              {
                "offer": "0001-com-ubuntu-server-focal",
                "publisher": "Canonical",
                "sku": "20_04-lts",
                "version": "latest"
              }
            ],
            "tags": null,
            "termination_notification": null,
            "timeouts": null,
            "user_data": "",
            "virtual_machine_id": "13bbb7e7-8653-4615-91b9-60559c1b819c",
            "virtual_machine_scale_set_id": "",
            "vtpm_enabled": false,
            "zone": ""
          },
          "sensitive_attributes": [],
          "private": "eyJlMmJmYjczMC1lY2FhLTExZTYtOGY4OC0zNDM2M2JjN2M0YzAiOnsiY3JlYXRlIjoyNzAwMDAwMDAwMDAwLCJkZWxldGUiOjI3MDAwMDAwMDAwMDAsInJlYWQiOjMwMDAwMDAwMDAwMCwidXBkYXRlIjoyNzAwMDAwMDAwMDAwfX0=",
          "dependencies": [
            "azurerm_network_interface.test_nic",
            "azurerm_public_ip.ip",
            "azurerm_resource_group.terraform_rg",
            "azurerm_subnet.subnet",
            "azurerm_virtual_network.terraform_vnet"
          ]
        }
      ]
    },
    {
      "mode": "managed",
      "type": "azurerm_network_interface",
      "name": "test_nic",
      "provider": "provider[\"registry.terraform.io/hashicorp/azurerm\"]",
      "instances": [
        {
          "schema_version": 0,
          "attributes": {
            "applied_dns_servers": [],
            "auxiliary_mode": "",
            "auxiliary_sku": "",
            "dns_servers": [],
            "edge_zone": "",
            "enable_accelerated_networking": false,
            "enable_ip_forwarding": false,
            "id": "/subscriptions/eb0ba5ab-6a44-4b16-b7a2-7ca3b022b84a/resourceGroups/terraform_resources/providers/Microsoft.Network/networkInterfaces/test_nic",
            "internal_dns_name_label": "",
            "internal_domain_name_suffix": "vj2v2zid2iqulhnjzewmv4lcof.ax.internal.cloudapp.net",
            "ip_configuration": [
              {
                "gateway_load_balancer_frontend_ip_configuration_id": "",
                "name": "internal",
                "primary": true,
                "private_ip_address": "10.0.1.4",
                "private_ip_address_allocation": "Dynamic",
                "private_ip_address_version": "IPv4",
                "public_ip_address_id": "/subscriptions/eb0ba5ab-6a44-4b16-b7a2-7ca3b022b84a/resourceGroups/terraform_resources/providers/Microsoft.Network/publicIPAddresses/test_publicip1",
                "subnet_id": "/subscriptions/eb0ba5ab-6a44-4b16-b7a2-7ca3b022b84a/resourceGroups/terraform_resources/providers/Microsoft.Network/virtualNetworks/Vnet/subnets/test_subnet1"
              }
            ],
            "location": "westeurope",
            "mac_address": "00-0D-3A-2C-2D-40",
            "name": "test_nic",
            "private_ip_address": "10.0.1.4",
            "private_ip_addresses": [
              "10.0.1.4"
            ],
            "resource_group_name": "terraform_resources",
            "tags": {
              "environment": "dev"
            },
            "timeouts": null,
            "virtual_machine_id": "/subscriptions/eb0ba5ab-6a44-4b16-b7a2-7ca3b022b84a/resourceGroups/terraform_resources/providers/Microsoft.Compute/virtualMachines/test-machine"
          },
          "sensitive_attributes": [],
          "private": "eyJlMmJmYjczMC1lY2FhLTExZTYtOGY4OC0zNDM2M2JjN2M0YzAiOnsiY3JlYXRlIjoxODAwMDAwMDAwMDAwLCJkZWxldGUiOjE4MDAwMDAwMDAwMDAsInJlYWQiOjMwMDAwMDAwMDAwMCwidXBkYXRlIjoxODAwMDAwMDAwMDAwfX0=",
          "dependencies": [
            "azurerm_public_ip.ip",
            "azurerm_resource_group.terraform_rg",
            "azurerm_subnet.subnet",
            "azurerm_virtual_network.terraform_vnet"
          ]
        }
      ]
    },
    {
      "mode": "managed",
      "type": "azurerm_network_security_group",
      "name": "sg",
      "provider": "provider[\"registry.terraform.io/hashicorp/azurerm\"]",
      "instances": [
        {
          "schema_version": 0,
          "attributes": {
            "id": "/subscriptions/eb0ba5ab-6a44-4b16-b7a2-7ca3b022b84a/resourceGroups/terraform_resources/providers/Microsoft.Network/networkSecurityGroups/test_sg",
            "location": "westeurope",
            "name": "test_sg",
            "resource_group_name": "terraform_resources",
            "security_rule": [
              {
                "access": "Allow",
                "description": "",
                "destination_address_prefix": "*",
                "destination_address_prefixes": [],
                "destination_application_security_group_ids": [],
                "destination_port_range": "*",
                "destination_port_ranges": [],
                "direction": "Inbound",
                "name": "dev_rule",
                "priority": 100,
                "protocol": "Tcp",
                "source_address_prefix": "104.56.175.169/32",
                "source_address_prefixes": [],
                "source_application_security_group_ids": [],
                "source_port_range": "*",
                "source_port_ranges": []
              }
            ],
            "tags": {
              "environment": "dev"
            },
            "timeouts": null
          },
          "sensitive_attributes": [],
          "private": "eyJlMmJmYjczMC1lY2FhLTExZTYtOGY4OC0zNDM2M2JjN2M0YzAiOnsiY3JlYXRlIjoxODAwMDAwMDAwMDAwLCJkZWxldGUiOjE4MDAwMDAwMDAwMDAsInJlYWQiOjMwMDAwMDAwMDAwMCwidXBkYXRlIjoxODAwMDAwMDAwMDAwfX0=",
          "dependencies": [
            "azurerm_resource_group.terraform_rg"
          ]
        }
      ]
    },
    {
      "mode": "managed",
      "type": "azurerm_network_security_rule",
      "name": "dev_rule",
      "provider": "provider[\"registry.terraform.io/hashicorp/azurerm\"]",
      "instances": [
        {
          "schema_version": 0,
          "attributes": {
            "access": "Allow",
            "description": "",
            "destination_address_prefix": "*",
            "destination_address_prefixes": [],
            "destination_application_security_group_ids": [],
            "destination_port_range": "*",
            "destination_port_ranges": [],
            "direction": "Inbound",
            "id": "/subscriptions/eb0ba5ab-6a44-4b16-b7a2-7ca3b022b84a/resourceGroups/terraform_resources/providers/Microsoft.Network/networkSecurityGroups/test_sg/securityRules/dev_rule",
            "name": "dev_rule",
            "network_security_group_name": "test_sg",
            "priority": 100,
            "protocol": "Tcp",
            "resource_group_name": "terraform_resources",
            "source_address_prefix": "104.56.175.169/32",
            "source_address_prefixes": [],
            "source_application_security_group_ids": [],
            "source_port_range": "*",
            "source_port_ranges": [],
            "timeouts": null
          },
          "sensitive_attributes": [],
          "private": "eyJlMmJmYjczMC1lY2FhLTExZTYtOGY4OC0zNDM2M2JjN2M0YzAiOnsiY3JlYXRlIjoxODAwMDAwMDAwMDAwLCJkZWxldGUiOjE4MDAwMDAwMDAwMDAsInJlYWQiOjMwMDAwMDAwMDAwMCwidXBkYXRlIjoxODAwMDAwMDAwMDAwfX0=",
          "dependencies": [
            "azurerm_network_security_group.sg",
            "azurerm_resource_group.terraform_rg"
          ]
        }
      ]
    },
    {
      "mode": "managed",
      "type": "azurerm_public_ip",
      "name": "ip",
      "provider": "provider[\"registry.terraform.io/hashicorp/azurerm\"]",
      "instances": [
        {
          "schema_version": 0,
          "attributes": {
            "allocation_method": "Dynamic",
            "ddos_protection_mode": "VirtualNetworkInherited",
            "ddos_protection_plan_id": null,
            "domain_name_label": null,
            "edge_zone": "",
            "fqdn": null,
            "id": "/subscriptions/eb0ba5ab-6a44-4b16-b7a2-7ca3b022b84a/resourceGroups/terraform_resources/providers/Microsoft.Network/publicIPAddresses/test_publicip1",
            "idle_timeout_in_minutes": 4,
            "ip_address": "65.52.148.183",
            "ip_tags": {},
            "ip_version": "IPv4",
            "location": "westeurope",
            "name": "test_publicip1",
            "public_ip_prefix_id": null,
            "resource_group_name": "terraform_resources",
            "reverse_fqdn": null,
            "sku": "Basic",
            "sku_tier": "Regional",
            "tags": {
              "environment": "dev"
            },
            "timeouts": null,
            "zones": []
          },
          "sensitive_attributes": [],
          "private": "eyJlMmJmYjczMC1lY2FhLTExZTYtOGY4OC0zNDM2M2JjN2M0YzAiOnsiY3JlYXRlIjoxODAwMDAwMDAwMDAwLCJkZWxldGUiOjE4MDAwMDAwMDAwMDAsInJlYWQiOjMwMDAwMDAwMDAwMCwidXBkYXRlIjoxODAwMDAwMDAwMDAwfX0=",
          "dependencies": [
            "azurerm_resource_group.terraform_rg"
          ]
        }
      ]
    },
    {
      "mode": "managed",
      "type": "azurerm_resource_group",
      "name": "terraform_rg",
      "provider": "provider[\"registry.terraform.io/hashicorp/azurerm\"]",
      "instances": [
        {
          "schema_version": 0,
          "attributes": {
            "id": "/subscriptions/eb0ba5ab-6a44-4b16-b7a2-7ca3b022b84a/resourceGroups/terraform_resources",
            "location": "westeurope",
            "managed_by": "",
            "name": "terraform_resources",
            "tags": {
              "environment": "dev"
            },
            "timeouts": null
          },
          "sensitive_attributes": [],
          "private": "eyJlMmJmYjczMC1lY2FhLTExZTYtOGY4OC0zNDM2M2JjN2M0YzAiOnsiY3JlYXRlIjo1NDAwMDAwMDAwMDAwLCJkZWxldGUiOjU0MDAwMDAwMDAwMDAsInJlYWQiOjMwMDAwMDAwMDAwMCwidXBkYXRlIjo1NDAwMDAwMDAwMDAwfX0="
        }
      ]
    },
    {
      "mode": "managed",
      "type": "azurerm_subnet",
      "name": "subnet",
      "provider": "provider[\"registry.terraform.io/hashicorp/azurerm\"]",
      "instances": [
        {
          "schema_version": 0,
          "attributes": {
            "address_prefixes": [
              "10.0.1.0/24"
            ],
            "delegation": [],
            "enforce_private_link_endpoint_network_policies": false,
            "enforce_private_link_service_network_policies": false,
            "id": "/subscriptions/eb0ba5ab-6a44-4b16-b7a2-7ca3b022b84a/resourceGroups/terraform_resources/providers/Microsoft.Network/virtualNetworks/Vnet/subnets/test_subnet1",
            "name": "test_subnet1",
            "private_endpoint_network_policies_enabled": true,
            "private_link_service_network_policies_enabled": true,
            "resource_group_name": "terraform_resources",
            "service_endpoint_policy_ids": [],
            "service_endpoints": [],
            "timeouts": null,
            "virtual_network_name": "Vnet"
          },
          "sensitive_attributes": [],
          "private": "eyJlMmJmYjczMC1lY2FhLTExZTYtOGY4OC0zNDM2M2JjN2M0YzAiOnsiY3JlYXRlIjoxODAwMDAwMDAwMDAwLCJkZWxldGUiOjE4MDAwMDAwMDAwMDAsInJlYWQiOjMwMDAwMDAwMDAwMCwidXBkYXRlIjoxODAwMDAwMDAwMDAwfX0=",
          "dependencies": [
            "azurerm_resource_group.terraform_rg",
            "azurerm_virtual_network.terraform_vnet"
          ]
        }
      ]
    },
    {
      "mode": "managed",
      "type": "azurerm_subnet_network_security_group_association",
      "name": "sg_a",
      "provider": "provider[\"registry.terraform.io/hashicorp/azurerm\"]",
      "instances": [
        {
          "schema_version": 0,
          "attributes": {
            "id": "/subscriptions/eb0ba5ab-6a44-4b16-b7a2-7ca3b022b84a/resourceGroups/terraform_resources/providers/Microsoft.Network/virtualNetworks/Vnet/subnets/test_subnet1",
            "network_security_group_id": "/subscriptions/eb0ba5ab-6a44-4b16-b7a2-7ca3b022b84a/resourceGroups/terraform_resources/providers/Microsoft.Network/networkSecurityGroups/test_sg",
            "subnet_id": "/subscriptions/eb0ba5ab-6a44-4b16-b7a2-7ca3b022b84a/resourceGroups/terraform_resources/providers/Microsoft.Network/virtualNetworks/Vnet/subnets/test_subnet1",
            "timeouts": null
          },
          "sensitive_attributes": [],
          "private": "eyJlMmJmYjczMC1lY2FhLTExZTYtOGY4OC0zNDM2M2JjN2M0YzAiOnsiY3JlYXRlIjoxODAwMDAwMDAwMDAwLCJkZWxldGUiOjE4MDAwMDAwMDAwMDAsInJlYWQiOjMwMDAwMDAwMDAwMCwidXBkYXRlIjoxODAwMDAwMDAwMDAwfX0=",
          "dependencies": [
            "azurerm_network_security_group.sg",
            "azurerm_resource_group.terraform_rg",
            "azurerm_subnet.subnet",
            "azurerm_virtual_network.terraform_vnet"
          ]
        }
      ]
    },
    {
      "mode": "managed",
      "type": "azurerm_virtual_network",
      "name": "terraform_vnet",
      "provider": "provider[\"registry.terraform.io/hashicorp/azurerm\"]",
      "instances": [
        {
          "schema_version": 0,
          "attributes": {
            "address_space": [
              "10.0.0.0/16"
            ],
            "bgp_community": "",
            "ddos_protection_plan": [],
            "dns_servers": [],
            "edge_zone": "",
            "encryption": [],
            "flow_timeout_in_minutes": 0,
            "guid": "655e79aa-e203-4521-9da9-c92ccaf96275",
            "id": "/subscriptions/eb0ba5ab-6a44-4b16-b7a2-7ca3b022b84a/resourceGroups/terraform_resources/providers/Microsoft.Network/virtualNetworks/Vnet",
            "location": "westeurope",
            "name": "Vnet",
            "resource_group_name": "terraform_resources",
            "subnet": [
              {
                "address_prefix": "10.0.1.0/24",
                "id": "/subscriptions/eb0ba5ab-6a44-4b16-b7a2-7ca3b022b84a/resourceGroups/terraform_resources/providers/Microsoft.Network/virtualNetworks/Vnet/subnets/test_subnet1",
                "name": "test_subnet1",
                "security_group": "/subscriptions/eb0ba5ab-6a44-4b16-b7a2-7ca3b022b84a/resourceGroups/terraform_resources/providers/Microsoft.Network/networkSecurityGroups/test_sg"
              }
            ],
            "tags": {
              "environment": "dev"
            },
            "timeouts": null
          },
          "sensitive_attributes": [],
          "private": "eyJlMmJmYjczMC1lY2FhLTExZTYtOGY4OC0zNDM2M2JjN2M0YzAiOnsiY3JlYXRlIjoxODAwMDAwMDAwMDAwLCJkZWxldGUiOjE4MDAwMDAwMDAwMDAsInJlYWQiOjMwMDAwMDAwMDAwMCwidXBkYXRlIjoxODAwMDAwMDAwMDAwfX0=",
          "dependencies": [
            "azurerm_resource_group.terraform_rg"
          ]
        }
      ]
    }
  ],
  "check_results": null
}
